
Microsoft Visual Studio Solution File, Format Version 12.00
# Visual Studio Version 17
VisualStudioVersion = 17.5.33424.131
MinimumVisualStudioVersion = 10.0.40219.1
Project("{FAE04EC0-301F-11D3-BF4B-00C04F79EFBC}") = "ConsoleApp2", "ConsoleApp2\ConsoleApp2.csproj", "{27193607-6828-4499-8AFD-8FB2314B1E8D}"
EndProject
Global
	GlobalSection(SolutionConfigurationPlatforms) = preSolution
		Debug|Any CPU = Debug|Any CPU
		Release|Any CPU = Release|Any CPU
	EndGlobalSection
	GlobalSection(ProjectConfigurationPlatforms) = postSolution
		{27193607-6828-4499-8AFD-8FB2314B1E8D}.Debug|Any CPU.ActiveCfg = Debug|Any CPU
		{27193607-6828-4499-8AFD-8FB2314B1E8D}.Debug|Any CPU.Build.0 = Debug|Any CPU
		{27193607-6828-4499-8AFD-8FB2314B1E8D}.Release|Any CPU.ActiveCfg = Release|Any CPU
		{27193607-6828-4499-8AFD-8FB2314B1E8D}.Release|Any CPU.Build.0 = Release|Any CPU
	EndGlobalSection
	GlobalSection(SolutionProperties) = preSolution
		HideSolutionNode = FALSE
	EndGlobalSection
	GlobalSection(ExtensibilityGlobals) = postSolution
		SolutionGuid = {9988D51C-C710-448D-B6F9-5C1CE3D5233F}
	EndGlobalSection
EndGlobal
